{
  "name": "arcusx-sdk-node-escrow",
  "version": "0.1.0",
  "lockfileVersion": 3,
  "requires": true,
  "packages": {
    "": {
      "name": "arcusx-sdk-node-escrow",
      "version": "0.1.0",
      "dependencies": {
        "@arcusx/sdk": "file:../../packages/arcusx-sdk"
      }
    },
    "../../packages/arcusx-sdk": {
      "name": "@arcusx/sdk",
      "version": "0.4.5",
      "license": "MIT",
      "devDependencies": {
        "typescript": "^5.7.2"
      },
      "engines": {
        "node": ">=18"
      }
    },
    "node_modules/@arcusx/sdk": {
      "resolved": "../../packages/arcusx-sdk",
      "link": true
    }
  }
}
